
Microsoft Visual Studio Solution File, Format Version 12.00
Project("{FAE04EC0-301F-11D3-BF4B-00C04F79EFBC}") = "MMABackend", "MMABackend\MMABackend.csproj", "{788C0F66-A97C-4F40-AB49-83A30D2A45B2}"
EndProject
Project("{2150E333-8FDC-42A3-9474-1A3956D46DE8}") = "Core", "Core", "{5E9C5701-6C8F-489C-8D4E-789C684D1902}"
EndProject
Project("{FAE04EC0-301F-11D3-BF4B-00C04F79EFBC}") = "MMA.Application", "MMA.Application\MMA.Application.csproj", "{A5B0C27A-EAF1-47F4-84E2-9336248CE7B3}"
EndProject
Project("{FAE04EC0-301F-11D3-BF4B-00C04F79EFBC}") = "MMA.Domain", "MMA.Domain\MMA.Domain.csproj", "{A6FBBD1A-E635-4557-BFEB-503725CB674F}"
EndProject
Project("{2150E333-8FDC-42A3-9474-1A3956D46DE8}") = "Infrastructure", "Infrastructure", "{D90A68FA-74B7-45A5-B3BA-81805B84E42C}"
EndProject
Project("{FAE04EC0-301F-11D3-BF4B-00C04F79EFBC}") = "App.Persistence", "App.Persistence\App.Persistence.csproj", "{1C853961-7DD9-4AE8-841C-EF9019A9AAD5}"
EndProject
Project("{2150E333-8FDC-42A3-9474-1A3956D46DE8}") = "Presentation", "Presentation", "{BEC5FF2A-29BA-4A01-8A12-4CAE1F82B658}"
EndProject
Global
	GlobalSection(SolutionConfigurationPlatforms) = preSolution
		Debug|Any CPU = Debug|Any CPU
		Release|Any CPU = Release|Any CPU
	EndGlobalSection
	GlobalSection(ProjectConfigurationPlatforms) = postSolution
		{788C0F66-A97C-4F40-AB49-83A30D2A45B2}.Debug|Any CPU.ActiveCfg = Debug|Any CPU
		{788C0F66-A97C-4F40-AB49-83A30D2A45B2}.Debug|Any CPU.Build.0 = Debug|Any CPU
		{788C0F66-A97C-4F40-AB49-83A30D2A45B2}.Release|Any CPU.ActiveCfg = Release|Any CPU
		{788C0F66-A97C-4F40-AB49-83A30D2A45B2}.Release|Any CPU.Build.0 = Release|Any CPU
		{A5B0C27A-EAF1-47F4-84E2-9336248CE7B3}.Debug|Any CPU.ActiveCfg = Debug|Any CPU
		{A5B0C27A-EAF1-47F4-84E2-9336248CE7B3}.Debug|Any CPU.Build.0 = Debug|Any CPU
		{A5B0C27A-EAF1-47F4-84E2-9336248CE7B3}.Release|Any CPU.ActiveCfg = Release|Any CPU
		{A5B0C27A-EAF1-47F4-84E2-9336248CE7B3}.Release|Any CPU.Build.0 = Release|Any CPU
		{A6FBBD1A-E635-4557-BFEB-503725CB674F}.Debug|Any CPU.ActiveCfg = Debug|Any CPU
		{A6FBBD1A-E635-4557-BFEB-503725CB674F}.Debug|Any CPU.Build.0 = Debug|Any CPU
		{A6FBBD1A-E635-4557-BFEB-503725CB674F}.Release|Any CPU.ActiveCfg = Release|Any CPU
		{A6FBBD1A-E635-4557-BFEB-503725CB674F}.Release|Any CPU.Build.0 = Release|Any CPU
		{1C853961-7DD9-4AE8-841C-EF9019A9AAD5}.Debug|Any CPU.ActiveCfg = Debug|Any CPU
		{1C853961-7DD9-4AE8-841C-EF9019A9AAD5}.Debug|Any CPU.Build.0 = Debug|Any CPU
		{1C853961-7DD9-4AE8-841C-EF9019A9AAD5}.Release|Any CPU.ActiveCfg = Release|Any CPU
		{1C853961-7DD9-4AE8-841C-EF9019A9AAD5}.Release|Any CPU.Build.0 = Release|Any CPU
	EndGlobalSection
	GlobalSection(NestedProjects) = preSolution
		{A5B0C27A-EAF1-47F4-84E2-9336248CE7B3} = {5E9C5701-6C8F-489C-8D4E-789C684D1902}
		{A6FBBD1A-E635-4557-BFEB-503725CB674F} = {5E9C5701-6C8F-489C-8D4E-789C684D1902}
		{1C853961-7DD9-4AE8-841C-EF9019A9AAD5} = {D90A68FA-74B7-45A5-B3BA-81805B84E42C}
	EndGlobalSection
EndGlobal
