
Microsoft Visual Studio Solution File, Format Version 12.00
Project("{FAE04EC0-301F-11D3-BF4B-00C04F79EFBC}") = "MMABack", "MMABack\MMABack.csproj", "{32BE9C9A-B20B-431C-BC71-E6B9EE354F13}"
EndProject
Global
	GlobalSection(SolutionConfigurationPlatforms) = preSolution
		Debug|Any CPU = Debug|Any CPU
		Release|Any CPU = Release|Any CPU
	EndGlobalSection
	GlobalSection(ProjectConfigurationPlatforms) = postSolution
		{32BE9C9A-B20B-431C-BC71-E6B9EE354F13}.Debug|Any CPU.ActiveCfg = Debug|Any CPU
		{32BE9C9A-B20B-431C-BC71-E6B9EE354F13}.Debug|Any CPU.Build.0 = Debug|Any CPU
		{32BE9C9A-B20B-431C-BC71-E6B9EE354F13}.Release|Any CPU.ActiveCfg = Release|Any CPU
		{32BE9C9A-B20B-431C-BC71-E6B9EE354F13}.Release|Any CPU.Build.0 = Release|Any CPU
	EndGlobalSection
EndGlobal
